{
  "name": "typescript-multiple-package-versions",
  "version": "1.0.0",
  "lockfileVersion": 3,
  "requires": true,
  "packages": {
    "": {
      "name": "typescript-multiple-package-versions",
      "version": "1.0.0",
      "license": "CC-BY-4.0",
      "dependencies": {
        "@aginnovationaustralia/emissions-calculators3.0.0": "npm:@aginnovationaustralia/emissions-calculators@^3.0.0",
        "@aginnovationaustralia/emissions-calculators3.0.1": "npm:@aginnovationaustralia/emissions-calculators@^3.0.1"
      }
    },
    "node_modules/@aginnovationaustralia/emissions-calculators3.0.0": {
      "name": "@aginnovationaustralia/emissions-calculators",
      "version": "3.0.1",
      "resolved": "https://registry.npmjs.org/@aginnovationaustralia/emissions-calculators/-/emissions-calculators-3.0.1.tgz",
      "integrity": "sha512-2hgOBdWa4yU0gwSsrxPJAnVnHZvp2qhLkgZs2+t417Zydmvj6RGXTAqeMpgm7umL/qiDZC1RKGtCt9hvs9YV+g==",
      "license": "CC-BY-4.0",
      "dependencies": {
        "mixpanel": "^0.19.1",
        "mixpanel-browser": "^2.72.0",
        "openapi3-ts": "^4.5.0",
        "reflect-metadata": "^0.2.2",
        "semver": "^7.7.3",
        "ts-deepmerge": "^7.0.3",
        "tslib": "^2.8.1",
        "type-fest": "^5.3.1",
        "zod": "^4.1.13",
        "zod-openapi": "^5.4.5"
      },
      "engines": {
        "node": ">=22.19.0"
      }
    },
    "node_modules/@aginnovationaustralia/emissions-calculators3.0.1": {
      "name": "@aginnovationaustralia/emissions-calculators",
      "version": "3.0.1",
      "resolved": "https://registry.npmjs.org/@aginnovationaustralia/emissions-calculators/-/emissions-calculators-3.0.1.tgz",
      "integrity": "sha512-2hgOBdWa4yU0gwSsrxPJAnVnHZvp2qhLkgZs2+t417Zydmvj6RGXTAqeMpgm7umL/qiDZC1RKGtCt9hvs9YV+g==",
      "license": "CC-BY-4.0",
      "dependencies": {
        "mixpanel": "^0.19.1",
        "mixpanel-browser": "^2.72.0",
        "openapi3-ts": "^4.5.0",
        "reflect-metadata": "^0.2.2",
        "semver": "^7.7.3",
        "ts-deepmerge": "^7.0.3",
        "tslib": "^2.8.1",
        "type-fest": "^5.3.1",
        "zod": "^4.1.13",
        "zod-openapi": "^5.4.5"
      },
      "engines": {
        "node": ">=22.19.0"
      }
    },
    "node_modules/@mixpanel/rrdom": {
      "version": "2.0.0-alpha.18.2",
      "resolved": "https://registry.npmjs.org/@mixpanel/rrdom/-/rrdom-2.0.0-alpha.18.2.tgz",
      "integrity": "sha512-vX/tbnS14ZzzatC7vOyvAm9tOLU8tof0BuppBlphzEx1YHTSw8DQiAmyAc0AmXidchLV0W+cUHV/WsehPLh2hQ==",
      "license": "MIT",
      "dependencies": {
        "@mixpanel/rrweb-snapshot": "^2.0.0-alpha.18"
      }
    },
    "node_modules/@mixpanel/rrweb": {
      "version": "2.0.0-alpha.18.2",
      "resolved": "https://registry.npmjs.org/@mixpanel/rrweb/-/rrweb-2.0.0-alpha.18.2.tgz",
      "integrity": "sha512-J3dVTEu6Z4p8di7y9KKvUooNuBjX97DdG6XGWoPEPi07A9512h9M8MEtvlY3mK0PGfuC0Mz5Pv/Ws6gjGYfKQg==",
      "license": "MIT",
      "dependencies": {
        "@mixpanel/rrdom": "^2.0.0-alpha.18",
        "@mixpanel/rrweb-snapshot": "^2.0.0-alpha.18",
        "@mixpanel/rrweb-types": "^2.0.0-alpha.18",
        "@mixpanel/rrweb-utils": "^2.0.0-alpha.18",
        "@types/css-font-loading-module": "0.0.7",
        "@xstate/fsm": "^1.4.0",
        "base64-arraybuffer": "^1.0.1",
        "mitt": "^3.0.0"
      }
    },
    "node_modules/@mixpanel/rrweb-plugin-console-record": {
      "version": "2.0.0-alpha.18.2",
      "resolved": "https://registry.npmjs.org/@mixpanel/rrweb-plugin-console-record/-/rrweb-plugin-console-record-2.0.0-alpha.18.2.tgz",
      "integrity": "sha512-Xkwh2gSdLqHRkWSXv8CPVCPQj5L85KnWc5DZQ0CXNRFgm2hTl5/YP6zfUubVs2JVXZHGcSGU+g7JVO2WcFJyyg==",
      "license": "MIT",
      "peerDependencies": {
        "@mixpanel/rrweb": "^2.0.0-alpha.18",
        "@mixpanel/rrweb-utils": "^2.0.0-alpha.18"
      }
    },
    "node_modules/@mixpanel/rrweb-snapshot": {
      "version": "2.0.0-alpha.18.2",
      "resolved": "https://registry.npmjs.org/@mixpanel/rrweb-snapshot/-/rrweb-snapshot-2.0.0-alpha.18.2.tgz",
      "integrity": "sha512-2kSnjZZ3QZ9zOz/isOt8s54mXUUDgXk/u0eEi/rE0xBWDeuA0NHrBcqiMc+w4F/yWWUpo5F5zcuPeYpc6ufAsw==",
      "license": "MIT",
      "dependencies": {
        "postcss": "^8.4.38"
      }
    },
    "node_modules/@mixpanel/rrweb-types": {
      "version": "2.0.0-alpha.18.2",
      "resolved": "https://registry.npmjs.org/@mixpanel/rrweb-types/-/rrweb-types-2.0.0-alpha.18.2.tgz",
      "integrity": "sha512-ucIYe1mfJ2UksvXW+d3bOySTB2/0yUSqQJlUydvbBz6OO2Bhq3nJHyLXV9ExkgUMZm1ZyDcvvmNUd1+5tAXlpA==",
      "license": "MIT"
    },
    "node_modules/@mixpanel/rrweb-utils": {
      "version": "2.0.0-alpha.18.2",
      "resolved": "https://registry.npmjs.org/@mixpanel/rrweb-utils/-/rrweb-utils-2.0.0-alpha.18.2.tgz",
      "integrity": "sha512-OomKIB6GTx5xvCLJ7iic2khT/t/tnCJUex13aEqsbSqIT/UzUUsqf+LTrgUK5ex+f6odmkCNjre2y5jvpNqn+g==",
      "license": "MIT"
    },
    "node_modules/@types/css-font-loading-module": {
      "version": "0.0.7",
      "resolved": "https://registry.npmjs.org/@types/css-font-loading-module/-/css-font-loading-module-0.0.7.tgz",
      "integrity": "sha512-nl09VhutdjINdWyXxHWN/w9zlNCfr60JUqJbd24YXUuCwgeL0TpFSdElCwb6cxfB6ybE19Gjj4g0jsgkXxKv1Q==",
      "license": "MIT"
    },
    "node_modules/@xstate/fsm": {
      "version": "1.6.5",
      "resolved": "https://registry.npmjs.org/@xstate/fsm/-/fsm-1.6.5.tgz",
      "integrity": "sha512-b5o1I6aLNeYlU/3CPlj/Z91ybk1gUsKT+5NAJI+2W4UjvS5KLG28K9v5UvNoFVjHV8PajVZ00RH3vnjyQO7ZAw==",
      "license": "MIT"
    },
    "node_modules/agent-base": {
      "version": "7.1.4",
      "resolved": "https://registry.npmjs.org/agent-base/-/agent-base-7.1.4.tgz",
      "integrity": "sha512-MnA+YT8fwfJPgBx3m60MNqakm30XOkyIoH1y6huTQvC0PwZG7ki8NacLBcrPbNoo8vEZy7Jpuk7+jMO+CUovTQ==",
      "license": "MIT",
      "engines": {
        "node": ">= 14"
      }
    },
    "node_modules/base64-arraybuffer": {
      "version": "1.0.2",
      "resolved": "https://registry.npmjs.org/base64-arraybuffer/-/base64-arraybuffer-1.0.2.tgz",
      "integrity": "sha512-I3yl4r9QB5ZRY3XuJVEPfc2XhZO6YweFPI+UovAzn+8/hb3oJ6lnysaFcjVpkCPfVWFUDvoZ8kmVDP7WyRtYtQ==",
      "license": "MIT",
      "engines": {
        "node": ">= 0.6.0"
      }
    },
    "node_modules/debug": {
      "version": "4.4.3",
      "resolved": "https://registry.npmjs.org/debug/-/debug-4.4.3.tgz",
      "integrity": "sha512-RGwwWnwQvkVfavKVt22FGLw+xYSdzARwm0ru6DhTVA3umU5hZc28V3kO4stgYryrTlLpuvgI9GiijltAjNbcqA==",
      "license": "MIT",
      "dependencies": {
        "ms": "^2.1.3"
      },
      "engines": {
        "node": ">=6.0"
      },
      "peerDependenciesMeta": {
        "supports-color": {
          "optional": true
        }
      }
    },
    "node_modules/https-proxy-agent": {
      "version": "7.0.6",
      "resolved": "https://registry.npmjs.org/https-proxy-agent/-/https-proxy-agent-7.0.6.tgz",
      "integrity": "sha512-vK9P5/iUfdl95AI+JVyUuIcVtd4ofvtrOr3HNtM2yxC9bnMbEdp3x01OhQNnjb8IJYi38VlTE3mBXwcfvywuSw==",
      "license": "MIT",
      "dependencies": {
        "agent-base": "^7.1.2",
        "debug": "4"
      },
      "engines": {
        "node": ">= 14"
      }
    },
    "node_modules/mitt": {
      "version": "3.0.1",
      "resolved": "https://registry.npmjs.org/mitt/-/mitt-3.0.1.tgz",
      "integrity": "sha512-vKivATfr97l2/QBCYAkXYDbrIWPM2IIKEl7YPhjCvKlG3kE2gm+uBo6nEXK3M5/Ffh/FLpKExzOQ3JJoJGFKBw==",
      "license": "MIT"
    },
    "node_modules/mixpanel": {
      "version": "0.19.1",
      "resolved": "https://registry.npmjs.org/mixpanel/-/mixpanel-0.19.1.tgz",
      "integrity": "sha512-NK3kJ7/ke1KfLeZyfl9Ec9XALzfI3cclpnpD3Uu0N2kTjlpeIs+zN/mpd1ZxwaiZLK3muccSzmecQ8HzqtMptw==",
      "license": "MIT",
      "dependencies": {
        "https-proxy-agent": "7.0.6"
      },
      "engines": {
        "node": ">=10.0"
      }
    },
    "node_modules/mixpanel-browser": {
      "version": "2.74.0",
      "resolved": "https://registry.npmjs.org/mixpanel-browser/-/mixpanel-browser-2.74.0.tgz",
      "integrity": "sha512-FWifdAaI+8zKEROb9T+gy0NRZB0gaCC5iy20rDjZ3C+KCwCsJcITT6lAYErWbwwmk3Ei34JBjLsnrDLPYj+hOw==",
      "license": "Apache-2.0",
      "dependencies": {
        "@mixpanel/rrweb": "2.0.0-alpha.18.2",
        "@mixpanel/rrweb-plugin-console-record": "2.0.0-alpha.18.2"
      },
      "engines": {
        "node": ">=20 <26"
      }
    },
    "node_modules/ms": {
      "version": "2.1.3",
      "resolved": "https://registry.npmjs.org/ms/-/ms-2.1.3.tgz",
      "integrity": "sha512-6FlzubTLZG3J2a/NVCAleEhjzq5oxgHyaCU9yYXvcLsvoVaHJq/s5xXI6/XXP6tz7R9xAOtHnSO/tXtF3WRTlA==",
      "license": "MIT"
    },
    "node_modules/nanoid": {
      "version": "3.3.11",
      "resolved": "https://registry.npmjs.org/nanoid/-/nanoid-3.3.11.tgz",
      "integrity": "sha512-N8SpfPUnUp1bK+PMYW8qSWdl9U+wwNWI4QKxOYDy9JAro3WMX7p2OeVRF9v+347pnakNevPmiHhNmZ2HbFA76w==",
      "funding": [
        {
          "type": "github",
          "url": "https://github.com/sponsors/ai"
        }
      ],
      "license": "MIT",
      "bin": {
        "nanoid": "bin/nanoid.cjs"
      },
      "engines": {
        "node": "^10 || ^12 || ^13.7 || ^14 || >=15.0.1"
      }
    },
    "node_modules/openapi3-ts": {
      "version": "4.5.0",
      "resolved": "https://registry.npmjs.org/openapi3-ts/-/openapi3-ts-4.5.0.tgz",
      "integrity": "sha512-jaL+HgTq2Gj5jRcfdutgRGLosCy/hT8sQf6VOy+P+g36cZOjI1iukdPnijC+4CmeRzg/jEllJUboEic2FhxhtQ==",
      "license": "MIT",
      "dependencies": {
        "yaml": "^2.8.0"
      }
    },
    "node_modules/picocolors": {
      "version": "1.1.1",
      "resolved": "https://registry.npmjs.org/picocolors/-/picocolors-1.1.1.tgz",
      "integrity": "sha512-xceH2snhtb5M9liqDsmEw56le376mTZkEX/jEb/RxNFyegNul7eNslCXP9FDj/Lcu0X8KEyMceP2ntpaHrDEVA==",
      "license": "ISC"
    },
    "node_modules/postcss": {
      "version": "8.5.6",
      "resolved": "https://registry.npmjs.org/postcss/-/postcss-8.5.6.tgz",
      "integrity": "sha512-3Ybi1tAuwAP9s0r1UQ2J4n5Y0G05bJkpUIO0/bI9MhwmD70S5aTWbXGBwxHrelT+XM1k6dM0pk+SwNkpTRN7Pg==",
      "funding": [
        {
          "type": "opencollective",
          "url": "https://opencollective.com/postcss/"
        },
        {
          "type": "tidelift",
          "url": "https://tidelift.com/funding/github/npm/postcss"
        },
        {
          "type": "github",
          "url": "https://github.com/sponsors/ai"
        }
      ],
      "license": "MIT",
      "dependencies": {
        "nanoid": "^3.3.11",
        "picocolors": "^1.1.1",
        "source-map-js": "^1.2.1"
      },
      "engines": {
        "node": "^10 || ^12 || >=14"
      }
    },
    "node_modules/reflect-metadata": {
      "version": "0.2.2",
      "resolved": "https://registry.npmjs.org/reflect-metadata/-/reflect-metadata-0.2.2.tgz",
      "integrity": "sha512-urBwgfrvVP/eAyXx4hluJivBKzuEbSQs9rKWCrCkbSxNv8mxPcUZKeuoF3Uy4mJl3Lwprp6yy5/39VWigZ4K6Q==",
      "license": "Apache-2.0"
    },
    "node_modules/semver": {
      "version": "7.7.4",
      "resolved": "https://registry.npmjs.org/semver/-/semver-7.7.4.tgz",
      "integrity": "sha512-vFKC2IEtQnVhpT78h1Yp8wzwrf8CM+MzKMHGJZfBtzhZNycRFnXsHk6E5TxIkkMsgNS7mdX3AGB7x2QM2di4lA==",
      "license": "ISC",
      "bin": {
        "semver": "bin/semver.js"
      },
      "engines": {
        "node": ">=10"
      }
    },
    "node_modules/source-map-js": {
      "version": "1.2.1",
      "resolved": "https://registry.npmjs.org/source-map-js/-/source-map-js-1.2.1.tgz",
      "integrity": "sha512-UXWMKhLOwVKb728IUtQPXxfYU+usdybtUrK/8uGE8CQMvrhOpwvzDBwj0QhSL7MQc7vIsISBG8VQ8+IDQxpfQA==",
      "license": "BSD-3-Clause",
      "engines": {
        "node": ">=0.10.0"
      }
    },
    "node_modules/tagged-tag": {
      "version": "1.0.0",
      "resolved": "https://registry.npmjs.org/tagged-tag/-/tagged-tag-1.0.0.tgz",
      "integrity": "sha512-yEFYrVhod+hdNyx7g5Bnkkb0G6si8HJurOoOEgC8B/O0uXLHlaey/65KRv6cuWBNhBgHKAROVpc7QyYqE5gFng==",
      "license": "MIT",
      "engines": {
        "node": ">=20"
      },
      "funding": {
        "url": "https://github.com/sponsors/sindresorhus"
      }
    },
    "node_modules/ts-deepmerge": {
      "version": "7.0.3",
      "resolved": "https://registry.npmjs.org/ts-deepmerge/-/ts-deepmerge-7.0.3.tgz",
      "integrity": "sha512-Du/ZW2RfwV/D4cmA5rXafYjBQVuvu4qGiEEla4EmEHVHgRdx68Gftx7i66jn2bzHPwSVZY36Ae6OuDn9el4ZKA==",
      "license": "ISC",
      "engines": {
        "node": ">=14.13.1"
      }
    },
    "node_modules/tslib": {
      "version": "2.8.1",
      "resolved": "https://registry.npmjs.org/tslib/-/tslib-2.8.1.tgz",
      "integrity": "sha512-oJFu94HQb+KVduSUQL7wnpmqnfmLsOA/nAh6b6EH0wCEoK0/mPeXU6c3wKDV83MkOuHPRHtSXKKU99IBazS/2w==",
      "license": "0BSD"
    },
    "node_modules/type-fest": {
      "version": "5.4.4",
      "resolved": "https://registry.npmjs.org/type-fest/-/type-fest-5.4.4.tgz",
      "integrity": "sha512-JnTrzGu+zPV3aXIUhnyWJj4z/wigMsdYajGLIYakqyOW1nPllzXEJee0QQbHj+CTIQtXGlAjuK0UY+2xTyjVAw==",
      "license": "(MIT OR CC0-1.0)",
      "dependencies": {
        "tagged-tag": "^1.0.0"
      },
      "engines": {
        "node": ">=20"
      },
      "funding": {
        "url": "https://github.com/sponsors/sindresorhus"
      }
    },
    "node_modules/yaml": {
      "version": "2.8.2",
      "resolved": "https://registry.npmjs.org/yaml/-/yaml-2.8.2.tgz",
      "integrity": "sha512-mplynKqc1C2hTVYxd0PU2xQAc22TI1vShAYGksCCfxbn/dFwnHTNi1bvYsBTkhdUNtGIf5xNOg938rrSSYvS9A==",
      "license": "ISC",
      "bin": {
        "yaml": "bin.mjs"
      },
      "engines": {
        "node": ">= 14.6"
      },
      "funding": {
        "url": "https://github.com/sponsors/eemeli"
      }
    },
    "node_modules/zod": {
      "version": "4.3.6",
      "resolved": "https://registry.npmjs.org/zod/-/zod-4.3.6.tgz",
      "integrity": "sha512-rftlrkhHZOcjDwkGlnUtZZkvaPHCsDATp4pGpuOOMDaTdDDXF91wuVDJoWoPsKX/3YPQ5fHuF3STjcYyKr+Qhg==",
      "license": "MIT",
      "funding": {
        "url": "https://github.com/sponsors/colinhacks"
      }
    },
    "node_modules/zod-openapi": {
      "version": "5.4.6",
      "resolved": "https://registry.npmjs.org/zod-openapi/-/zod-openapi-5.4.6.tgz",
      "integrity": "sha512-P2jsOOBAq/6hCwUsMCjUATZ8szkMsV5VAwZENfyxp2Hc/XPJQpVwAgevWZc65xZauCwWB9LAn7zYeiCJFAEL+A==",
      "license": "MIT",
      "engines": {
        "node": ">=20"
      },
      "funding": {
        "url": "https://github.com/samchungy/zod-openapi?sponsor=1"
      },
      "peerDependencies": {
        "zod": "^3.25.74 || ^4.0.0"
      }
    }
  }
}
